
Microsoft Visual Studio Solution File, Format Version 12.00
# Visual Studio Version 17
VisualStudioVersion = 17.9.34728.123
MinimumVisualStudioVersion = 10.0.40219.1
Project("{FAE04EC0-301F-11D3-BF4B-00C04F79EFBC}") = "DA_Lesson7_2", "DA_Lesson7_2.csproj", "{A932B5A6-C7F4-43FC-9830-68CCEFEAE252}"
EndProject
Global
	GlobalSection(SolutionConfigurationPlatforms) = preSolution
		Debug|Any CPU = Debug|Any CPU
		Release|Any CPU = Release|Any CPU
	EndGlobalSection
	GlobalSection(ProjectConfigurationPlatforms) = postSolution
		{A932B5A6-C7F4-43FC-9830-68CCEFEAE252}.Debug|Any CPU.ActiveCfg = Debug|Any CPU
		{A932B5A6-C7F4-43FC-9830-68CCEFEAE252}.Debug|Any CPU.Build.0 = Debug|Any CPU
		{A932B5A6-C7F4-43FC-9830-68CCEFEAE252}.Release|Any CPU.ActiveCfg = Release|Any CPU
		{A932B5A6-C7F4-43FC-9830-68CCEFEAE252}.Release|Any CPU.Build.0 = Release|Any CPU
	EndGlobalSection
	GlobalSection(SolutionProperties) = preSolution
		HideSolutionNode = FALSE
	EndGlobalSection
	GlobalSection(ExtensibilityGlobals) = postSolution
		SolutionGuid = {E9E86F7C-81E9-488C-A4C4-0906AADCBA30}
	EndGlobalSection
EndGlobal
